uuid: 8db52fa6-5270-4f4b-bb9d-7604c9de50a4
langcode: en
status: true
dependencies:
  content:
    - 'block_content:basic:5dd98928-11b5-4e99-96a5-2f1761ea7626'
  module:
    - block_content
  theme:
    - bartik
id: simpleblock
theme: bartik
region: sidebar_first
weight: 0
provider: null
plugin: 'block_content:5dd98928-11b5-4e99-96a5-2f1761ea7626'
settings:
  id: 'block_content:5dd98928-11b5-4e99-96a5-2f1761ea7626'
  label: 'Simple block'
  provider: block_content
  label_display: visible
  status: true
  info: ''
  view_mode: full
visibility: {  }
